// !$*UTF8*$!
{
	archiveVersion = 1;
	classes = {
	};
	objectVersion = 50;
	objects = {

/* Begin PBXBuildFile section */
		954FEBB42379AF740047FAD7 /* AppDelegate.swift in Sources */ = {isa = PBXBuildFile; fileRef = 954FEBB32379AF740047FAD7 /* AppDelegate.swift */; };
		954FEBB62379AF740047FAD7 /* SceneDelegate.swift in Sources */ = {isa = PBXBuildFile; fileRef = 954FEBB52379AF740047FAD7 /* SceneDelegate.swift */; };
		954FEBB82379AF740047FAD7 /* ContentView.swift in Sources */ = {isa = PBXBuildFile; fileRef = 954FEBB72379AF740047FAD7 /* ContentView.swift */; };
		954FEBBA2379AF750047FAD7 /* Assets.xcassets in Resources */ = {isa = PBXBuildFile; fileRef = 954FEBB92379AF750047FAD7 /* Assets.xcassets */; };
		954FEBBD2379AF750047FAD7 /* Preview Assets.xcassets in Resources */ = {isa = PBXBuildFile; fileRef = 954FEBBC2379AF750047FAD7 /* Preview Assets.xcassets */; };
		954FEBC02379AF750047FAD7 /* LaunchScreen.storyboard in Resources */ = {isa = PBXBuildFile; fileRef = 954FEBBE2379AF750047FAD7 /* LaunchScreen.storyboard */; };
/* End PBXBuildFile section */

/* Begin PBXFileReference section */
		954FEBB02379AF740047FAD7 /* SendingAndReceivingCodableDataWithURLSession.app */ = {isa = PBXFileReference; explicitFileType = wrapper.application; includeInIndex = 0; path = SendingAndReceivingCodableDataWithURLSession.app; sourceTree = BUILT_PRODUCTS_DIR; };
		954FEBB32379AF740047FAD7 /* AppDelegate.swift */ = {isa = PBXFileReference; lastKnownFileType = sourcecode.swift; path = AppDelegate.swift; sourceTree = "<group>"; };
		954FEBB52379AF740047FAD7 /* SceneDelegate.swift */ = {isa = PBXFileReference; lastKnownFileType = sourcecode.swift; path = SceneDelegate.swift; sourceTree = "<group>"; };
		954FEBB72379AF740047FAD7 /* ContentView.swift */ = {isa = PBXFileReference; lastKnownFileType = sourcecode.swift; path = ContentView.swift; sourceTree = "<group>"; };
		954FEBB92379AF750047FAD7 /* Assets.xcassets */ = {isa = PBXFileReference; lastKnownFileType = folder.assetcatalog; path = Assets.xcassets; sourceTree = "<group>"; };
		954FEBBC2379AF750047FAD7 /* Preview Assets.xcassets */ = {isa = PBXFileReference; lastKnownFileType = folder.assetcatalog; path = "Preview Assets.xcassets"; sourceTree = "<group>"; };
		954FEBBF2379AF750047FAD7 /* Base */ = {isa = PBXFileReference; lastKnownFileType = file.storyboard; name = Base; path = Base.lproj/LaunchScreen.storyboard; sourceTree = "<group>"; };
		954FEBC12379AF750047FAD7 /* Info.plist */ = {isa = PBXFileReference; lastKnownFileType = text.plist.xml; path = Info.plist; sourceTree = "<group>"; };
/* End PBXFileReference section */

/* Begin PBXFrameworksBuildPhase section */
		954FEBAD2379AF740047FAD7 /* Frameworks */ = {
			isa = PBXFrameworksBuildPhase;
			buildActionMask = 2147483647;
			files = (
			);
			runOnlyForDeploymentPostprocessing = 0;
		};
/* End PBXFrameworksBuildPhase section */

/* Begin PBXGroup section */
		954FEBA72379AF740047FAD7 = {
			isa = PBXGroup;
			children = (
				954FEBB22379AF740047FAD7 /* SendingAndReceivingCodableDataWithURLSession */,
				954FEBB12379AF740047FAD7 /* Products */,
			);
			sourceTree = "<group>";
		};
		954FEBB12379AF740047FAD7 /* Products */ = {
			isa = PBXGroup;
			children = (
				954FEBB02379AF740047FAD7 /* SendingAndReceivingCodableDataWithURLSession.app */,
			);
			name = Products;
			sourceTree = "<group>";
		};
		954FEBB22379AF740047FAD7 /* SendingAndReceivingCodableDataWithURLSession */ = {
			isa = PBXGroup;
			children = (
				954FEBB32379AF740047FAD7 /* AppDelegate.swift */,
				954FEBB52379AF740047FAD7 /* SceneDelegate.swift */,
				954FEBB72379AF740047FAD7 /* ContentView.swift */,
				954FEBB92379AF750047FAD7 /* Assets.xcassets */,
				954FEBBE2379AF750047FAD7 /* LaunchScreen.storyboard */,
				954FEBC12379AF750047FAD7 /* Info.plist */,
				954FEBBB2379AF750047FAD7 /* Preview Content */,
			);
			path = SendingAndReceivingCodableDataWithURLSession;
			sourceTree = "<group>";
		};
		954FEBBB2379AF750047FAD7 /* Preview Content */ = {
			isa = PBXGroup;
			children = (
				954FEBBC2379AF750047FAD7 /* Preview Assets.xcassets */,
			);
			path = "Preview Content";
			sourceTree = "<group>";
		};
/* End PBXGroup section */

/* Begin PBXNativeTarget section */
		954FEBAF2379AF740047FAD7 /* SendingAndReceivingCodableDataWithURLSession */ = {
			isa = PBXNativeTarget;
			buildConfigurationList = 954FEBC42379AF750047FAD7 /* Build configuration list for PBXNativeTarget "SendingAndReceivingCodableDataWithURLSession" */;
			buildPhases = (
				954FEBAC2379AF740047FAD7 /* Sources */,
				954FEBAD2379AF740047FAD7 /* Frameworks */,
				954FEBAE2379AF740047FAD7 /* Resources */,
			);
			buildRules = (
			);
			dependencies = (
			);
			name = SendingAndReceivingCodableDataWithURLSession;
			productName = SendingAndReceivingCodableDataWithURLSession;
			productReference = 954FEBB02379AF740047FAD7 /* SendingAndReceivingCodableDataWithURLSession.app */;
			productType = "com.apple.product-type.application";
		};
/* End PBXNativeTarget section */

/* Begin PBXProject section */
		954FEBA82379AF740047FAD7 /* Project object */ = {
			isa = PBXProject;
			attributes = {
				LastSwiftUpdateCheck = 1110;
				LastUpgradeCheck = 1110;
				ORGANIZATIONNAME = com.ri;
				TargetAttributes = {
					954FEBAF2379AF740047FAD7 = {
						CreatedOnToolsVersion = 11.1;
					};
				};
			};
			buildConfigurationList = 954FEBAB2379AF740047FAD7 /* Build configuration list for PBXProject "SendingAndReceivingCodableDataWithURLSession" */;
			compatibilityVersion = "Xcode 9.3";
			developmentRegion = en;
			hasScannedForEncodings = 0;
			knownRegions = (
				en,
				Base,
			);
			mainGroup = 954FEBA72379AF740047FAD7;
			productRefGroup = 954FEBB12379AF740047FAD7 /* Products */;
			projectDirPath = "";
			projectRoot = "";
			targets = (
				954FEBAF2379AF740047FAD7 /* SendingAndReceivingCodableDataWithURLSession */,
			);
		};
/* End PBXProject section */

/* Begin PBXResourcesBuildPhase section */
		954FEBAE2379AF740047FAD7 /* Resources */ = {
			isa = PBXResourcesBuildPhase;
			buildActionMask = 2147483647;
			files = (
				954FEBC02379AF750047FAD7 /* LaunchScreen.storyboard in Resources */,
				954FEBBD2379AF750047FAD7 /* Preview Assets.xcassets in Resources */,
				954FEBBA2379AF750047FAD7 /* Assets.xcassets in Resources */,
			);
			runOnlyForDeploymentPostprocessing = 0;
		};
/* End PBXResourcesBuildPhase section */

/* Begin PBXSourcesBuildPhase section */
		954FEBAC2379AF740047FAD7 /* Sources */ = {
			isa = PBXSourcesBuildPhase;
			buildActionMask = 2147483647;
			files = (
				954FEBB42379AF740047FAD7 /* AppDelegate.swift in Sources */,
				954FEBB62379AF740047FAD7 /* SceneDelegate.swift in Sources */,
				954FEBB82379AF740047FAD7 /* ContentView.swift in Sources */,
			);
			runOnlyForDeploymentPostprocessing = 0;
		};
/* End PBXSourcesBuildPhase section */

/* Begin PBXVariantGroup section */
		954FEBBE2379AF750047FAD7 /* LaunchScreen.storyboard */ = {
			isa = PBXVariantGroup;
			children = (
				954FEBBF2379AF750047FAD7 /* Base */,
			);
			name = LaunchScreen.storyboard;
			sourceTree = "<group>";
		};
/* End PBXVariantGroup section */

/* Begin XCBuildConfiguration section */
		954FEBC22379AF750047FAD7 /* Debug */ = {
			isa = XCBuildConfiguration;
			buildSettings = {
				ALWAYS_SEARCH_USER_PATHS = NO;
				CLANG_ANALYZER_NONNULL = YES;
				CLANG_ANALYZER_NUMBER_OBJECT_CONVERSION = YES_AGGRESSIVE;
				CLANG_CXX_LANGUAGE_STANDARD = "gnu++14";
				CLANG_CXX_LIBRARY = "libc++";
				CLANG_ENABLE_MODULES = YES;
				CLANG_ENABLE_OBJC_ARC = YES;
				CLANG_ENABLE_OBJC_WEAK = YES;
				CLANG_WARN_BLOCK_CAPTURE_AUTORELEASING = YES;
				CLANG_WARN_BOOL_CONVERSION = YES;
				CLANG_WARN_COMMA = YES;
				CLANG_WARN_CONSTANT_CONVERSION = YES;
				CLANG_WARN_DEPRECATED_OBJC_IMPLEMENTATIONS = YES;
				CLANG_WARN_DIRECT_OBJC_ISA_USAGE = YES_ERROR;
				CLANG_WARN_DOCUMENTATION_COMMENTS = YES;
				CLANG_WARN_EMPTY_BODY = YES;
				CLANG_WARN_ENUM_CONVERSION = YES;
				CLANG_WARN_INFINITE_RECURSION = YES;
				CLANG_WARN_INT_CONVERSION = YES;
				CLANG_WARN_NON_LITERAL_NULL_CONVERSION = YES;
				CLANG_WARN_OBJC_IMPLICIT_RETAIN_SELF = YES;
				CLANG_WARN_OBJC_LITERAL_CONVERSION = YES;
				CLANG_WARN_OBJC_ROOT_CLASS = YES_ERROR;
				CLANG_WARN_RANGE_LOOP_ANALYSIS = YES;
				CLANG_WARN_STRICT_PROTOTYPES = YES;
				CLANG_WARN_SUSPICIOUS_MOVE = YES;
				CLANG_WARN_UNGUARDED_AVAILABILITY = YES_AGGRESSIVE;
				CLANG_WARN_UNREACHABLE_CODE = YES;
				CLANG_WARN__DUPLICATE_METHOD_MATCH = YES;
				COPY_PHASE_STRIP = NO;
				DEBUG_INFORMATION_FORMAT = dwarf;
				ENABLE_STRICT_OBJC_MSGSEND = YES;
				ENABLE_TESTABILITY = YES;
				GCC_C_LANGUAGE_STANDARD = gnu11;
				GCC_DYNAMIC_NO_PIC = NO;
				GCC_NO_COMMON_BLOCKS = YES;
				GCC_OPTIMIZATION_LEVEL = 0;
				GCC_PREPROCESSOR_DEFINITIONS = (
					"DEBUG=1",
					"$(inherited)",
				);
				GCC_WARN_64_TO_32_BIT_CONVERSION = YES;
				GCC_WARN_ABOUT_RETURN_TYPE = YES_ERROR;
				GCC_WARN_UNDECLARED_SELECTOR = YES;
				GCC_WARN_UNINITIALIZED_AUTOS = YES_AGGRESSIVE;
				GCC_WARN_UNUSED_FUNCTION = YES;
				GCC_WARN_UNUSED_VARIABLE = YES;
				IPHONEOS_DEPLOYMENT_TARGET = 13.1;
				MTL_ENABLE_DEBUG_INFO = INCLUDE_SOURCE;
				MTL_FAST_MATH = YES;
				ONLY_ACTIVE_ARCH = YES;
				SDKROOT = iphoneos;
				SWIFT_ACTIVE_COMPILATION_CONDITIONS = DEBUG;
				SWIFT_OPTIMIZATION_LEVEL = "-Onone";
			};
			name = Debug;
		};
		954FEBC32379AF750047FAD7 /* Release */ = {
			isa = XCBuildConfiguration;
			buildSettings = {
				ALWAYS_SEARCH_USER_PATHS = NO;
				CLANG_ANALYZER_NONNULL = YES;
				CLANG_ANALYZER_NUMBER_OBJECT_CONVERSION = YES_AGGRESSIVE;
				CLANG_CXX_LANGUAGE_STANDARD = "gnu++14";
				CLANG_CXX_LIBRARY = "libc++";
				CLANG_ENABLE_MODULES = YES;
				CLANG_ENABLE_OBJC_ARC = YES;
				CLANG_ENABLE_OBJC_WEAK = YES;
				CLANG_WARN_BLOCK_CAPTURE_AUTORELEASING = YES;
				CLANG_WARN_BOOL_CONVERSION = YES;
				CLANG_WARN_COMMA = YES;
				CLANG_WARN_CONSTANT_CONVERSION = YES;
				CLANG_WARN_DEPRECATED_OBJC_IMPLEMENTATIONS = YES;
				CLANG_WARN_DIRECT_OBJC_ISA_USAGE = YES_ERROR;
				CLANG_WARN_DOCUMENTATION_COMMENTS = YES;
				CLANG_WARN_EMPTY_BODY = YES;
				CLANG_WARN_ENUM_CONVERSION = YES;
				CLANG_WARN_INFINITE_RECURSION = YES;
				CLANG_WARN_INT_CONVERSION = YES;
				CLANG_WARN_NON_LITERAL_NULL_CONVERSION = YES;
				CLANG_WARN_OBJC_IMPLICIT_RETAIN_SELF = YES;
				CLANG_WARN_OBJC_LITERAL_CONVERSION = YES;
				CLANG_WARN_OBJC_ROOT_CLASS = YES_ERROR;
				CLANG_WARN_RANGE_LOOP_ANALYSIS = YES;
				CLANG_WARN_STRICT_PROTOTYPES = YES;
				CLANG_WARN_SUSPICIOUS_MOVE = YES;
				CLANG_WARN_UNGUARDED_AVAILABILITY = YES_AGGRESSIVE;
				CLANG_WARN_UNREACHABLE_CODE = YES;
				CLANG_WARN__DUPLICATE_METHOD_MATCH = YES;
				COPY_PHASE_STRIP = NO;
				DEBUG_INFORMATION_FORMAT = "dwarf-with-dsym";
				ENABLE_NS_ASSERTIONS = NO;
				ENABLE_STRICT_OBJC_MSGSEND = YES;
				GCC_C_LANGUAGE_STANDARD = gnu11;
				GCC_NO_COMMON_BLOCKS = YES;
				GCC_WARN_64_TO_32_BIT_CONVERSION = YES;
				GCC_WARN_ABOUT_RETURN_TYPE = YES_ERROR;
				GCC_WARN_UNDECLARED_SELECTOR = YES;
				GCC_WARN_UNINITIALIZED_AUTOS = YES_AGGRESSIVE;
				GCC_WARN_UNUSED_FUNCTION = YES;
				GCC_WARN_UNUSED_VARIABLE = YES;
				IPHONEOS_DEPLOYMENT_TARGET = 13.1;
				MTL_ENABLE_DEBUG_INFO = NO;
				MTL_FAST_MATH = YES;
				SDKROOT = iphoneos;
				SWIFT_COMPILATION_MODE = wholemodule;
				SWIFT_OPTIMIZATION_LEVEL = "-O";
				VALIDATE_PRODUCT = YES;
			};
			name = Release;
		};
		954FEBC52379AF750047FAD7 /* Debug */ = {
			isa = XCBuildConfiguration;
			buildSettings = {
				ASSETCATALOG_COMPILER_APPICON_NAME = AppIcon;
				CODE_SIGN_STYLE = Automatic;
				DEVELOPMENT_ASSET_PATHS = "\"SendingAndReceivingCodableDataWithURLSession/Preview Content\"";
				DEVELOPMENT_TEAM = L8W86DZDY2;
				ENABLE_PREVIEWS = YES;
				INFOPLIST_FILE = SendingAndReceivingCodableDataWithURLSession/Info.plist;
				LD_RUNPATH_SEARCH_PATHS = (
					"$(inherited)",
					"@executable_path/Frameworks",
				);
				PRODUCT_BUNDLE_IDENTIFIER = com.ri.SendingAndReceivingCodableDataWithURLSession;
				PRODUCT_NAME = "$(TARGET_NAME)";
				SWIFT_VERSION = 5.0;
				TARGETED_DEVICE_FAMILY = "1,2";
			};
			name = Debug;
		};
		954FEBC62379AF750047FAD7 /* Release */ = {
			isa = XCBuildConfiguration;
			buildSettings = {
				ASSETCATALOG_COMPILER_APPICON_NAME = AppIcon;
				CODE_SIGN_STYLE = Automatic;
				DEVELOPMENT_ASSET_PATHS = "\"SendingAndReceivingCodableDataWithURLSession/Preview Content\"";
				DEVELOPMENT_TEAM = L8W86DZDY2;
				ENABLE_PREVIEWS = YES;
				INFOPLIST_FILE = SendingAndReceivingCodableDataWithURLSession/Info.plist;
				LD_RUNPATH_SEARCH_PATHS = (
					"$(inherited)",
					"@executable_path/Frameworks",
				);
				PRODUCT_BUNDLE_IDENTIFIER = com.ri.SendingAndReceivingCodableDataWithURLSession;
				PRODUCT_NAME = "$(TARGET_NAME)";
				SWIFT_VERSION = 5.0;
				TARGETED_DEVICE_FAMILY = "1,2";
			};
			name = Release;
		};
/* End XCBuildConfiguration section */

/* Begin XCConfigurationList section */
		954FEBAB2379AF740047FAD7 /* Build configuration list for PBXProject "SendingAndReceivingCodableDataWithURLSession" */ = {
			isa = XCConfigurationList;
			buildConfigurations = (
				954FEBC22379AF750047FAD7 /* Debug */,
				954FEBC32379AF750047FAD7 /* Release */,
			);
			defaultConfigurationIsVisible = 0;
			defaultConfigurationName = Release;
		};
		954FEBC42379AF750047FAD7 /* Build configuration list for PBXNativeTarget "SendingAndReceivingCodableDataWithURLSession" */ = {
			isa = XCConfigurationList;
			buildConfigurations = (
				954FEBC52379AF750047FAD7 /* Debug */,
				954FEBC62379AF750047FAD7 /* Release */,
			);
			defaultConfigurationIsVisible = 0;
			defaultConfigurationName = Release;
		};
/* End XCConfigurationList section */
	};
	rootObject = 954FEBA82379AF740047FAD7 /* Project object */;
}
